{
  "name": "im-ditto-foundation",
  "version": "0.1.0-preview.8",
  "lockfileVersion": 3,
  "requires": true,
  "packages": {
    "": {
      "name": "im-ditto-foundation",
      "version": "0.1.0-preview.8",
      "license": "SEE LICENSE IN LICENSE",
      "engines": {
        "node": ">=22"
      }
    }
  }
}
